[root]
name = "cratesfyi"
version = "0.1.0"
dependencies = [
 "rustc-serialize 0.3.16 (registry+https://github.com/rust-lang/crates.io-index)",
 "toml 0.1.25 (registry+https://github.com/rust-lang/crates.io-index)",
]

[[package]]
name = "rustc-serialize"
version = "0.3.16"
source = "registry+https://github.com/rust-lang/crates.io-index"

[[package]]
name = "toml"
version = "0.1.25"
source = "registry+https://github.com/rust-lang/crates.io-index"
dependencies = [
 "rustc-serialize 0.3.16 (registry+https://github.com/rust-lang/crates.io-index)",
]

